
Microsoft Visual Studio Solution File, Format Version 12.00
# Visual Studio Version 17
VisualStudioVersion = 17.8.34330.188
MinimumVisualStudioVersion = 10.0.40219.1
Project("{FAE04EC0-301F-11D3-BF4B-00C04F79EFBC}") = "MvcPureHtml", "MvcPureHtml.csproj", "{DF7E66D2-C3D8-4771-BE9D-E1C2BA19E191}"
EndProject
Global
	GlobalSection(SolutionConfigurationPlatforms) = preSolution
		Debug|Any CPU = Debug|Any CPU
		Release|Any CPU = Release|Any CPU
	EndGlobalSection
	GlobalSection(ProjectConfigurationPlatforms) = postSolution
		{DF7E66D2-C3D8-4771-BE9D-E1C2BA19E191}.Debug|Any CPU.ActiveCfg = Debug|Any CPU
		{DF7E66D2-C3D8-4771-BE9D-E1C2BA19E191}.Debug|Any CPU.Build.0 = Debug|Any CPU
		{DF7E66D2-C3D8-4771-BE9D-E1C2BA19E191}.Release|Any CPU.ActiveCfg = Release|Any CPU
		{DF7E66D2-C3D8-4771-BE9D-E1C2BA19E191}.Release|Any CPU.Build.0 = Release|Any CPU
	EndGlobalSection
	GlobalSection(SolutionProperties) = preSolution
		HideSolutionNode = FALSE
	EndGlobalSection
	GlobalSection(ExtensibilityGlobals) = postSolution
		SolutionGuid = {42727BB8-1776-4D7B-89DA-1E365F675B7E}
	EndGlobalSection
EndGlobal
